{
    "_readme": [
        "This file locks the dependencies of your project to a known state",
        "Read more about it at https://getcomposer.org/doc/01-basic-usage.md#installing-dependencies",
        "This file is @generated automatically"
    ],
    "content-hash": "993208e23a1c8d24b4fcb7bb2489b678",
    "packages": [
        {
            "name": "redhatofficial/overpass",
            "version": "3.0.4",
            "dist": {
                "type": "zip",
                "url": "https://github.com/RedHatOfficial/Overpass/archive/3.0.4.zip"
            },
            "type": "library"
        }
    ],
    "packages-dev": [],
    "aliases": [],
    "minimum-stability": "stable",
    "stability-flags": [],
    "prefer-stable": false,
    "prefer-lowest": false,
    "platform": {
        "php": ">=8.0"
    },
    "platform-dev": [],
    "plugin-api-version": "2.0.0"
}
